// !$*UTF8*$!
{
	archiveVersion = 1;
	classes = {
	};
	objectVersion = 50;
	objects = {

/* Begin PBXBuildFile section */
		1393CAC125349DD600F8E12F /* X4XOR_New_SwiftUIApp.swift in Sources */ = {isa = PBXBuildFile; fileRef = 1393CAC025349DD600F8E12F /* X4XOR_New_SwiftUIApp.swift */; };
		1393CAC325349DD600F8E12F /* ContentView.swift in Sources */ = {isa = PBXBuildFile; fileRef = 1393CAC225349DD600F8E12F /* ContentView.swift */; };
		1393CAC525349DD900F8E12F /* Assets.xcassets in Resources */ = {isa = PBXBuildFile; fileRef = 1393CAC425349DD900F8E12F /* Assets.xcassets */; };
		1393CAC825349DD900F8E12F /* Preview Assets.xcassets in Resources */ = {isa = PBXBuildFile; fileRef = 1393CAC725349DD900F8E12F /* Preview Assets.xcassets */; };
		1393CAD72534A21900F8E12F /* NetworkManager.swift in Sources */ = {isa = PBXBuildFile; fileRef = 1393CAD62534A21900F8E12F /* NetworkManager.swift */; };
		1393CADA2534A91F00F8E12F /* PostData.swift in Sources */ = {isa = PBXBuildFile; fileRef = 1393CAD92534A91F00F8E12F /* PostData.swift */; };
		1393CAE02534B52E00F8E12F /* DetailView.swift in Sources */ = {isa = PBXBuildFile; fileRef = 1393CADF2534B52E00F8E12F /* DetailView.swift */; };
		1393CAE32534BD9200F8E12F /* WebView.swift in Sources */ = {isa = PBXBuildFile; fileRef = 1393CAE22534BD9200F8E12F /* WebView.swift */; };
/* End PBXBuildFile section */

/* Begin PBXFileReference section */
		1393CABD25349DD600F8E12F /* X4XOR-New_SwiftUI.app */ = {isa = PBXFileReference; explicitFileType = wrapper.application; includeInIndex = 0; path = "X4XOR-New_SwiftUI.app"; sourceTree = BUILT_PRODUCTS_DIR; };
		1393CAC025349DD600F8E12F /* X4XOR_New_SwiftUIApp.swift */ = {isa = PBXFileReference; lastKnownFileType = sourcecode.swift; path = X4XOR_New_SwiftUIApp.swift; sourceTree = "<group>"; };
		1393CAC225349DD600F8E12F /* ContentView.swift */ = {isa = PBXFileReference; lastKnownFileType = sourcecode.swift; path = ContentView.swift; sourceTree = "<group>"; };
		1393CAC425349DD900F8E12F /* Assets.xcassets */ = {isa = PBXFileReference; lastKnownFileType = folder.assetcatalog; path = Assets.xcassets; sourceTree = "<group>"; };
		1393CAC725349DD900F8E12F /* Preview Assets.xcassets */ = {isa = PBXFileReference; lastKnownFileType = folder.assetcatalog; path = "Preview Assets.xcassets"; sourceTree = "<group>"; };
		1393CAC925349DD900F8E12F /* Info.plist */ = {isa = PBXFileReference; lastKnownFileType = text.plist.xml; path = Info.plist; sourceTree = "<group>"; };
		1393CAD62534A21900F8E12F /* NetworkManager.swift */ = {isa = PBXFileReference; lastKnownFileType = sourcecode.swift; path = NetworkManager.swift; sourceTree = "<group>"; };
		1393CAD92534A91F00F8E12F /* PostData.swift */ = {isa = PBXFileReference; lastKnownFileType = sourcecode.swift; path = PostData.swift; sourceTree = "<group>"; };
		1393CADF2534B52E00F8E12F /* DetailView.swift */ = {isa = PBXFileReference; lastKnownFileType = sourcecode.swift; path = DetailView.swift; sourceTree = "<group>"; };
		1393CAE22534BD9200F8E12F /* WebView.swift */ = {isa = PBXFileReference; lastKnownFileType = sourcecode.swift; path = WebView.swift; sourceTree = "<group>"; };
/* End PBXFileReference section */

/* Begin PBXFrameworksBuildPhase section */
		1393CABA25349DD600F8E12F /* Frameworks */ = {
			isa = PBXFrameworksBuildPhase;
			buildActionMask = 2147483647;
			files = (
			);
			runOnlyForDeploymentPostprocessing = 0;
		};
/* End PBXFrameworksBuildPhase section */

/* Begin PBXGroup section */
		1393CAB425349DD600F8E12F = {
			isa = PBXGroup;
			children = (
				1393CABF25349DD600F8E12F /* X4XOR-New_SwiftUI */,
				1393CABE25349DD600F8E12F /* Products */,
			);
			sourceTree = "<group>";
		};
		1393CABE25349DD600F8E12F /* Products */ = {
			isa = PBXGroup;
			children = (
				1393CABD25349DD600F8E12F /* X4XOR-New_SwiftUI.app */,
			);
			name = Products;
			sourceTree = "<group>";
		};
		1393CABF25349DD600F8E12F /* X4XOR-New_SwiftUI */ = {
			isa = PBXGroup;
			children = (
				1393CAC025349DD600F8E12F /* X4XOR_New_SwiftUIApp.swift */,
				1393CADC2534B50200F8E12F /* Views */,
				1393CAD02534A1D000F8E12F /* Models */,
				1393CAC425349DD900F8E12F /* Assets.xcassets */,
				1393CAC925349DD900F8E12F /* Info.plist */,
				1393CAC625349DD900F8E12F /* Preview Content */,
			);
			path = "X4XOR-New_SwiftUI";
			sourceTree = "<group>";
		};
		1393CAC625349DD900F8E12F /* Preview Content */ = {
			isa = PBXGroup;
			children = (
				1393CAC725349DD900F8E12F /* Preview Assets.xcassets */,
			);
			path = "Preview Content";
			sourceTree = "<group>";
		};
		1393CAD02534A1D000F8E12F /* Models */ = {
			isa = PBXGroup;
			children = (
				1393CAD62534A21900F8E12F /* NetworkManager.swift */,
				1393CAD92534A91F00F8E12F /* PostData.swift */,
			);
			path = Models;
			sourceTree = "<group>";
		};
		1393CADC2534B50200F8E12F /* Views */ = {
			isa = PBXGroup;
			children = (
				1393CAC225349DD600F8E12F /* ContentView.swift */,
				1393CADF2534B52E00F8E12F /* DetailView.swift */,
				1393CAE22534BD9200F8E12F /* WebView.swift */,
			);
			path = Views;
			sourceTree = "<group>";
		};
/* End PBXGroup section */

/* Begin PBXNativeTarget section */
		1393CABC25349DD600F8E12F /* X4XOR-New_SwiftUI */ = {
			isa = PBXNativeTarget;
			buildConfigurationList = 1393CACC25349DD900F8E12F /* Build configuration list for PBXNativeTarget "X4XOR-New_SwiftUI" */;
			buildPhases = (
				1393CAB925349DD600F8E12F /* Sources */,
				1393CABA25349DD600F8E12F /* Frameworks */,
				1393CABB25349DD600F8E12F /* Resources */,
			);
			buildRules = (
			);
			dependencies = (
			);
			name = "X4XOR-New_SwiftUI";
			productName = "X4XOR-New_SwiftUI";
			productReference = 1393CABD25349DD600F8E12F /* X4XOR-New_SwiftUI.app */;
			productType = "com.apple.product-type.application";
		};
/* End PBXNativeTarget section */

/* Begin PBXProject section */
		1393CAB525349DD600F8E12F /* Project object */ = {
			isa = PBXProject;
			attributes = {
				LastSwiftUpdateCheck = 1200;
				LastUpgradeCheck = 1200;
				TargetAttributes = {
					1393CABC25349DD600F8E12F = {
						CreatedOnToolsVersion = 12.0.1;
					};
				};
			};
			buildConfigurationList = 1393CAB825349DD600F8E12F /* Build configuration list for PBXProject "X4XOR-New_SwiftUI" */;
			compatibilityVersion = "Xcode 9.3";
			developmentRegion = en;
			hasScannedForEncodings = 0;
			knownRegions = (
				en,
				Base,
			);
			mainGroup = 1393CAB425349DD600F8E12F;
			productRefGroup = 1393CABE25349DD600F8E12F /* Products */;
			projectDirPath = "";
			projectRoot = "";
			targets = (
				1393CABC25349DD600F8E12F /* X4XOR-New_SwiftUI */,
			);
		};
/* End PBXProject section */

/* Begin PBXResourcesBuildPhase section */
		1393CABB25349DD600F8E12F /* Resources */ = {
			isa = PBXResourcesBuildPhase;
			buildActionMask = 2147483647;
			files = (
				1393CAC825349DD900F8E12F /* Preview Assets.xcassets in Resources */,
				1393CAC525349DD900F8E12F /* Assets.xcassets in Resources */,
			);
			runOnlyForDeploymentPostprocessing = 0;
		};
/* End PBXResourcesBuildPhase section */

/* Begin PBXSourcesBuildPhase section */
		1393CAB925349DD600F8E12F /* Sources */ = {
			isa = PBXSourcesBuildPhase;
			buildActionMask = 2147483647;
			files = (
				1393CAD72534A21900F8E12F /* NetworkManager.swift in Sources */,
				1393CADA2534A91F00F8E12F /* PostData.swift in Sources */,
				1393CAC325349DD600F8E12F /* ContentView.swift in Sources */,
				1393CAE32534BD9200F8E12F /* WebView.swift in Sources */,
				1393CAE02534B52E00F8E12F /* DetailView.swift in Sources */,
				1393CAC125349DD600F8E12F /* X4XOR_New_SwiftUIApp.swift in Sources */,
			);
			runOnlyForDeploymentPostprocessing = 0;
		};
/* End PBXSourcesBuildPhase section */

/* Begin XCBuildConfiguration section */
		1393CACA25349DD900F8E12F /* Debug */ = {
			isa = XCBuildConfiguration;
			buildSettings = {
				ALWAYS_SEARCH_USER_PATHS = NO;
				CLANG_ANALYZER_NONNULL = YES;
				CLANG_ANALYZER_NUMBER_OBJECT_CONVERSION = YES_AGGRESSIVE;
				CLANG_CXX_LANGUAGE_STANDARD = "gnu++14";
				CLANG_CXX_LIBRARY = "libc++";
				CLANG_ENABLE_MODULES = YES;
				CLANG_ENABLE_OBJC_ARC = YES;
				CLANG_ENABLE_OBJC_WEAK = YES;
				CLANG_WARN_BLOCK_CAPTURE_AUTORELEASING = YES;
				CLANG_WARN_BOOL_CONVERSION = YES;
				CLANG_WARN_COMMA = YES;
				CLANG_WARN_CONSTANT_CONVERSION = YES;
				CLANG_WARN_DEPRECATED_OBJC_IMPLEMENTATIONS = YES;
				CLANG_WARN_DIRECT_OBJC_ISA_USAGE = YES_ERROR;
				CLANG_WARN_DOCUMENTATION_COMMENTS = YES;
				CLANG_WARN_EMPTY_BODY = YES;
				CLANG_WARN_ENUM_CONVERSION = YES;
				CLANG_WARN_INFINITE_RECURSION = YES;
				CLANG_WARN_INT_CONVERSION = YES;
				CLANG_WARN_NON_LITERAL_NULL_CONVERSION = YES;
				CLANG_WARN_OBJC_IMPLICIT_RETAIN_SELF = YES;
				CLANG_WARN_OBJC_LITERAL_CONVERSION = YES;
				CLANG_WARN_OBJC_ROOT_CLASS = YES_ERROR;
				CLANG_WARN_QUOTED_INCLUDE_IN_FRAMEWORK_HEADER = YES;
				CLANG_WARN_RANGE_LOOP_ANALYSIS = YES;
				CLANG_WARN_STRICT_PROTOTYPES = YES;
				CLANG_WARN_SUSPICIOUS_MOVE = YES;
				CLANG_WARN_UNGUARDED_AVAILABILITY = YES_AGGRESSIVE;
				CLANG_WARN_UNREACHABLE_CODE = YES;
				CLANG_WARN__DUPLICATE_METHOD_MATCH = YES;
				COPY_PHASE_STRIP = NO;
				DEBUG_INFORMATION_FORMAT = dwarf;
				ENABLE_STRICT_OBJC_MSGSEND = YES;
				ENABLE_TESTABILITY = YES;
				GCC_C_LANGUAGE_STANDARD = gnu11;
				GCC_DYNAMIC_NO_PIC = NO;
				GCC_NO_COMMON_BLOCKS = YES;
				GCC_OPTIMIZATION_LEVEL = 0;
				GCC_PREPROCESSOR_DEFINITIONS = (
					"DEBUG=1",
					"$(inherited)",
				);
				GCC_WARN_64_TO_32_BIT_CONVERSION = YES;
				GCC_WARN_ABOUT_RETURN_TYPE = YES_ERROR;
				GCC_WARN_UNDECLARED_SELECTOR = YES;
				GCC_WARN_UNINITIALIZED_AUTOS = YES_AGGRESSIVE;
				GCC_WARN_UNUSED_FUNCTION = YES;
				GCC_WARN_UNUSED_VARIABLE = YES;
				IPHONEOS_DEPLOYMENT_TARGET = 14.0;
				MTL_ENABLE_DEBUG_INFO = INCLUDE_SOURCE;
				MTL_FAST_MATH = YES;
				ONLY_ACTIVE_ARCH = YES;
				SDKROOT = iphoneos;
				SWIFT_ACTIVE_COMPILATION_CONDITIONS = DEBUG;
				SWIFT_OPTIMIZATION_LEVEL = "-Onone";
			};
			name = Debug;
		};
		1393CACB25349DD900F8E12F /* Release */ = {
			isa = XCBuildConfiguration;
			buildSettings = {
				ALWAYS_SEARCH_USER_PATHS = NO;
				CLANG_ANALYZER_NONNULL = YES;
				CLANG_ANALYZER_NUMBER_OBJECT_CONVERSION = YES_AGGRESSIVE;
				CLANG_CXX_LANGUAGE_STANDARD = "gnu++14";
				CLANG_CXX_LIBRARY = "libc++";
				CLANG_ENABLE_MODULES = YES;
				CLANG_ENABLE_OBJC_ARC = YES;
				CLANG_ENABLE_OBJC_WEAK = YES;
				CLANG_WARN_BLOCK_CAPTURE_AUTORELEASING = YES;
				CLANG_WARN_BOOL_CONVERSION = YES;
				CLANG_WARN_COMMA = YES;
				CLANG_WARN_CONSTANT_CONVERSION = YES;
				CLANG_WARN_DEPRECATED_OBJC_IMPLEMENTATIONS = YES;
				CLANG_WARN_DIRECT_OBJC_ISA_USAGE = YES_ERROR;
				CLANG_WARN_DOCUMENTATION_COMMENTS = YES;
				CLANG_WARN_EMPTY_BODY = YES;
				CLANG_WARN_ENUM_CONVERSION = YES;
				CLANG_WARN_INFINITE_RECURSION = YES;
				CLANG_WARN_INT_CONVERSION = YES;
				CLANG_WARN_NON_LITERAL_NULL_CONVERSION = YES;
				CLANG_WARN_OBJC_IMPLICIT_RETAIN_SELF = YES;
				CLANG_WARN_OBJC_LITERAL_CONVERSION = YES;
				CLANG_WARN_OBJC_ROOT_CLASS = YES_ERROR;
				CLANG_WARN_QUOTED_INCLUDE_IN_FRAMEWORK_HEADER = YES;
				CLANG_WARN_RANGE_LOOP_ANALYSIS = YES;
				CLANG_WARN_STRICT_PROTOTYPES = YES;
				CLANG_WARN_SUSPICIOUS_MOVE = YES;
				CLANG_WARN_UNGUARDED_AVAILABILITY = YES_AGGRESSIVE;
				CLANG_WARN_UNREACHABLE_CODE = YES;
				CLANG_WARN__DUPLICATE_METHOD_MATCH = YES;
				COPY_PHASE_STRIP = NO;
				DEBUG_INFORMATION_FORMAT = "dwarf-with-dsym";
				ENABLE_NS_ASSERTIONS = NO;
				ENABLE_STRICT_OBJC_MSGSEND = YES;
				GCC_C_LANGUAGE_STANDARD = gnu11;
				GCC_NO_COMMON_BLOCKS = YES;
				GCC_WARN_64_TO_32_BIT_CONVERSION = YES;
				GCC_WARN_ABOUT_RETURN_TYPE = YES_ERROR;
				GCC_WARN_UNDECLARED_SELECTOR = YES;
				GCC_WARN_UNINITIALIZED_AUTOS = YES_AGGRESSIVE;
				GCC_WARN_UNUSED_FUNCTION = YES;
				GCC_WARN_UNUSED_VARIABLE = YES;
				IPHONEOS_DEPLOYMENT_TARGET = 14.0;
				MTL_ENABLE_DEBUG_INFO = NO;
				MTL_FAST_MATH = YES;
				SDKROOT = iphoneos;
				SWIFT_COMPILATION_MODE = wholemodule;
				SWIFT_OPTIMIZATION_LEVEL = "-O";
				VALIDATE_PRODUCT = YES;
			};
			name = Release;
		};
		1393CACD25349DD900F8E12F /* Debug */ = {
			isa = XCBuildConfiguration;
			buildSettings = {
				ASSETCATALOG_COMPILER_APPICON_NAME = AppIcon;
				ASSETCATALOG_COMPILER_GLOBAL_ACCENT_COLOR_NAME = AccentColor;
				CODE_SIGN_STYLE = Automatic;
				DEVELOPMENT_ASSET_PATHS = "\"X4XOR-New_SwiftUI/Preview Content\"";
				ENABLE_PREVIEWS = YES;
				INFOPLIST_FILE = "X4XOR-New_SwiftUI/Info.plist";
				IPHONEOS_DEPLOYMENT_TARGET = 14.0;
				LD_RUNPATH_SEARCH_PATHS = (
					"$(inherited)",
					"@executable_path/Frameworks",
				);
				PRODUCT_BUNDLE_IDENTIFIER = "com.VG.X4XOR-New-SwiftUI";
				PRODUCT_NAME = "$(TARGET_NAME)";
				SWIFT_VERSION = 5.0;
				TARGETED_DEVICE_FAMILY = "1,2";
			};
			name = Debug;
		};
		1393CACE25349DD900F8E12F /* Release */ = {
			isa = XCBuildConfiguration;
			buildSettings = {
				ASSETCATALOG_COMPILER_APPICON_NAME = AppIcon;
				ASSETCATALOG_COMPILER_GLOBAL_ACCENT_COLOR_NAME = AccentColor;
				CODE_SIGN_STYLE = Automatic;
				DEVELOPMENT_ASSET_PATHS = "\"X4XOR-New_SwiftUI/Preview Content\"";
				ENABLE_PREVIEWS = YES;
				INFOPLIST_FILE = "X4XOR-New_SwiftUI/Info.plist";
				IPHONEOS_DEPLOYMENT_TARGET = 14.0;
				LD_RUNPATH_SEARCH_PATHS = (
					"$(inherited)",
					"@executable_path/Frameworks",
				);
				PRODUCT_BUNDLE_IDENTIFIER = "com.VG.X4XOR-New-SwiftUI";
				PRODUCT_NAME = "$(TARGET_NAME)";
				SWIFT_VERSION = 5.0;
				TARGETED_DEVICE_FAMILY = "1,2";
			};
			name = Release;
		};
/* End XCBuildConfiguration section */

/* Begin XCConfigurationList section */
		1393CAB825349DD600F8E12F /* Build configuration list for PBXProject "X4XOR-New_SwiftUI" */ = {
			isa = XCConfigurationList;
			buildConfigurations = (
				1393CACA25349DD900F8E12F /* Debug */,
				1393CACB25349DD900F8E12F /* Release */,
			);
			defaultConfigurationIsVisible = 0;
			defaultConfigurationName = Release;
		};
		1393CACC25349DD900F8E12F /* Build configuration list for PBXNativeTarget "X4XOR-New_SwiftUI" */ = {
			isa = XCConfigurationList;
			buildConfigurations = (
				1393CACD25349DD900F8E12F /* Debug */,
				1393CACE25349DD900F8E12F /* Release */,
			);
			defaultConfigurationIsVisible = 0;
			defaultConfigurationName = Release;
		};
/* End XCConfigurationList section */
	};
	rootObject = 1393CAB525349DD600F8E12F /* Project object */;
}
